// !$*UTF8*$!
{
	archiveVersion = 1;
	classes = {
	};
	objectVersion = 46;
	objects = {

/* Begin PBXBuildFile section */
		BCD4FD821E7A5FA300F593AC /* NetworkHelper.swift in Sources */ = {isa = PBXBuildFile; fileRef = BCD4FD811E7A5FA300F593AC /* NetworkHelper.swift */; };
		BCF11EA01EC58C6200F7A0B8 /* WebService.framework in Frameworks */ = {isa = PBXBuildFile; fileRef = BCD4FD7D1E7A5E4B00F593AC /* WebService.framework */; };
		DE5096D21D8F7FE80002196A /* AppDelegate.swift in Sources */ = {isa = PBXBuildFile; fileRef = DE5096D01D8F7FE80002196A /* AppDelegate.swift */; };
		DE5096D31D8F7FE80002196A /* Info.plist in Resources */ = {isa = PBXBuildFile; fileRef = DE5096D11D8F7FE80002196A /* Info.plist */; };
		DE5096D51D8F80220002196A /* Episode.swift in Sources */ = {isa = PBXBuildFile; fileRef = DE5096D41D8F80220002196A /* Episode.swift */; };
		DE5096D71D8F802B0002196A /* ViewController.swift in Sources */ = {isa = PBXBuildFile; fileRef = DE5096D61D8F802B0002196A /* ViewController.swift */; };
		DEF4E5FD1D6C29160022992C /* Main.storyboard in Resources */ = {isa = PBXBuildFile; fileRef = DEF4E5FB1D6C29160022992C /* Main.storyboard */; };
		DEF4E5FF1D6C29160022992C /* Assets.xcassets in Resources */ = {isa = PBXBuildFile; fileRef = DEF4E5FE1D6C29160022992C /* Assets.xcassets */; };
		DEF4E6021D6C29160022992C /* LaunchScreen.storyboard in Resources */ = {isa = PBXBuildFile; fileRef = DEF4E6001D6C29160022992C /* LaunchScreen.storyboard */; };
		DEF4E60D1D6C29160022992C /* AANetworkingTests.swift in Sources */ = {isa = PBXBuildFile; fileRef = DEF4E60C1D6C29160022992C /* AANetworkingTests.swift */; };
		DEF4E6181D6C29160022992C /* AANetworkingUITests.swift in Sources */ = {isa = PBXBuildFile; fileRef = DEF4E6171D6C29160022992C /* AANetworkingUITests.swift */; };
/* End PBXBuildFile section */

/* Begin PBXContainerItemProxy section */
		BCD4FD7C1E7A5E4B00F593AC /* PBXContainerItemProxy */ = {
			isa = PBXContainerItemProxy;
			containerPortal = BCD4FD521E7A5A8300F593AC /* WebService.xcodeproj */;
			proxyType = 2;
			remoteGlobalIDString = BCD4FD381E7A5A7300F593AC;
			remoteInfo = WebService;
		};
		BCD4FD7E1E7A5E4B00F593AC /* PBXContainerItemProxy */ = {
			isa = PBXContainerItemProxy;
			containerPortal = BCD4FD521E7A5A8300F593AC /* WebService.xcodeproj */;
			proxyType = 2;
			remoteGlobalIDString = BCD4FD411E7A5A7300F593AC;
			remoteInfo = WebServiceTests;
		};
		DEF4E6091D6C29160022992C /* PBXContainerItemProxy */ = {
			isa = PBXContainerItemProxy;
			containerPortal = DEF4E5EC1D6C29160022992C /* Project object */;
			proxyType = 1;
			remoteGlobalIDString = DEF4E5F31D6C29160022992C;
			remoteInfo = AANetworking;
		};
		DEF4E6141D6C29160022992C /* PBXContainerItemProxy */ = {
			isa = PBXContainerItemProxy;
			containerPortal = DEF4E5EC1D6C29160022992C /* Project object */;
			proxyType = 1;
			remoteGlobalIDString = DEF4E5F31D6C29160022992C;
			remoteInfo = AANetworking;
		};
/* End PBXContainerItemProxy section */

/* Begin PBXCopyFilesBuildPhase section */
		BCD4FD5F1E7A5AB500F593AC /* Embed Frameworks */ = {
			isa = PBXCopyFilesBuildPhase;
			buildActionMask = 2147483647;
			dstPath = "";
			dstSubfolderSpec = 10;
			files = (
			);
			name = "Embed Frameworks";
			runOnlyForDeploymentPostprocessing = 0;
		};
/* End PBXCopyFilesBuildPhase section */

/* Begin PBXFileReference section */
		BCD4FD521E7A5A8300F593AC /* WebService.xcodeproj */ = {isa = PBXFileReference; lastKnownFileType = "wrapper.pb-project"; name = WebService.xcodeproj; path = AANetworking/WebService/WebService/WebService.xcodeproj; sourceTree = "<group>"; };
		BCD4FD811E7A5FA300F593AC /* NetworkHelper.swift */ = {isa = PBXFileReference; fileEncoding = 4; lastKnownFileType = sourcecode.swift; name = NetworkHelper.swift; path = AANetworking/Utility/NetworkHelper.swift; sourceTree = "<group>"; };
		DE5096D01D8F7FE80002196A /* AppDelegate.swift */ = {isa = PBXFileReference; fileEncoding = 4; lastKnownFileType = sourcecode.swift; name = AppDelegate.swift; path = Root/AppDelegate.swift; sourceTree = "<group>"; };
		DE5096D11D8F7FE80002196A /* Info.plist */ = {isa = PBXFileReference; fileEncoding = 4; lastKnownFileType = text.plist.xml; name = Info.plist; path = Root/Info.plist; sourceTree = "<group>"; };
		DE5096D41D8F80220002196A /* Episode.swift */ = {isa = PBXFileReference; fileEncoding = 4; lastKnownFileType = sourcecode.swift; name = Episode.swift; path = AANetworking/Example/Model/Episode.swift; sourceTree = "<group>"; };
		DE5096D61D8F802B0002196A /* ViewController.swift */ = {isa = PBXFileReference; fileEncoding = 4; lastKnownFileType = sourcecode.swift; name = ViewController.swift; path = AANetworking/Example/Controller/ViewController.swift; sourceTree = "<group>"; };
		DEF4E5F41D6C29160022992C /* AANetworking.app */ = {isa = PBXFileReference; explicitFileType = wrapper.application; includeInIndex = 0; path = AANetworking.app; sourceTree = BUILT_PRODUCTS_DIR; };
		DEF4E5FC1D6C29160022992C /* Base */ = {isa = PBXFileReference; lastKnownFileType = file.storyboard; name = Base; path = Base.lproj/Main.storyboard; sourceTree = "<group>"; };
		DEF4E5FE1D6C29160022992C /* Assets.xcassets */ = {isa = PBXFileReference; lastKnownFileType = folder.assetcatalog; path = Assets.xcassets; sourceTree = "<group>"; };
		DEF4E6011D6C29160022992C /* Base */ = {isa = PBXFileReference; lastKnownFileType = file.storyboard; name = Base; path = Base.lproj/LaunchScreen.storyboard; sourceTree = "<group>"; };
		DEF4E6081D6C29160022992C /* AANetworkingTests.xctest */ = {isa = PBXFileReference; explicitFileType = wrapper.cfbundle; includeInIndex = 0; path = AANetworkingTests.xctest; sourceTree = BUILT_PRODUCTS_DIR; };
		DEF4E60C1D6C29160022992C /* AANetworkingTests.swift */ = {isa = PBXFileReference; lastKnownFileType = sourcecode.swift; path = AANetworkingTests.swift; sourceTree = "<group>"; };
		DEF4E60E1D6C29160022992C /* Info.plist */ = {isa = PBXFileReference; lastKnownFileType = text.plist.xml; path = Info.plist; sourceTree = "<group>"; };
		DEF4E6131D6C29160022992C /* AANetworkingUITests.xctest */ = {isa = PBXFileReference; explicitFileType = wrapper.cfbundle; includeInIndex = 0; path = AANetworkingUITests.xctest; sourceTree = BUILT_PRODUCTS_DIR; };
		DEF4E6171D6C29160022992C /* AANetworkingUITests.swift */ = {isa = PBXFileReference; lastKnownFileType = sourcecode.swift; path = AANetworkingUITests.swift; sourceTree = "<group>"; };
		DEF4E6191D6C29160022992C /* Info.plist */ = {isa = PBXFileReference; lastKnownFileType = text.plist.xml; path = Info.plist; sourceTree = "<group>"; };
/* End PBXFileReference section */

/* Begin PBXFrameworksBuildPhase section */
		DEF4E5F11D6C29160022992C /* Frameworks */ = {
			isa = PBXFrameworksBuildPhase;
			buildActionMask = 2147483647;
			files = (
				BCF11EA01EC58C6200F7A0B8 /* WebService.framework in Frameworks */,
			);
			runOnlyForDeploymentPostprocessing = 0;
		};
		DEF4E6051D6C29160022992C /* Frameworks */ = {
			isa = PBXFrameworksBuildPhase;
			buildActionMask = 2147483647;
			files = (
			);
			runOnlyForDeploymentPostprocessing = 0;
		};
		DEF4E6101D6C29160022992C /* Frameworks */ = {
			isa = PBXFrameworksBuildPhase;
			buildActionMask = 2147483647;
			files = (
			);
			runOnlyForDeploymentPostprocessing = 0;
		};
/* End PBXFrameworksBuildPhase section */

/* Begin PBXGroup section */
		BCD4FD781E7A5E4B00F593AC /* Products */ = {
			isa = PBXGroup;
			children = (
				BCD4FD7D1E7A5E4B00F593AC /* WebService.framework */,
				BCD4FD7F1E7A5E4B00F593AC /* WebServiceTests.xctest */,
			);
			name = Products;
			sourceTree = "<group>";
		};
		DE1BB02E1D8694D400E8A814 /* Example */ = {
			isa = PBXGroup;
			children = (
				DEF4E5FB1D6C29160022992C /* Main.storyboard */,
				DE1BB0321D86968D00E8A814 /* Controller */,
				DE1BB0311D86952E00E8A814 /* Model */,
			);
			name = Example;
			sourceTree = "<group>";
		};
		DE1BB0311D86952E00E8A814 /* Model */ = {
			isa = PBXGroup;
			children = (
				DE5096D41D8F80220002196A /* Episode.swift */,
			);
			name = Model;
			sourceTree = "<group>";
		};
		DE1BB0321D86968D00E8A814 /* Controller */ = {
			isa = PBXGroup;
			children = (
				BCD4FD811E7A5FA300F593AC /* NetworkHelper.swift */,
				DE5096D61D8F802B0002196A /* ViewController.swift */,
			);
			name = Controller;
			sourceTree = "<group>";
		};
		DEF4E5EB1D6C29160022992C = {
			isa = PBXGroup;
			children = (
				BCD4FD521E7A5A8300F593AC /* WebService.xcodeproj */,
				DE1BB02E1D8694D400E8A814 /* Example */,
				DEF4E5F61D6C29160022992C /* Root */,
				DEF4E60B1D6C29160022992C /* AANetworkingTests */,
				DEF4E6161D6C29160022992C /* AANetworkingUITests */,
				DEF4E5F51D6C29160022992C /* Products */,
			);
			sourceTree = "<group>";
		};
		DEF4E5F51D6C29160022992C /* Products */ = {
			isa = PBXGroup;
			children = (
				DEF4E5F41D6C29160022992C /* AANetworking.app */,
				DEF4E6081D6C29160022992C /* AANetworkingTests.xctest */,
				DEF4E6131D6C29160022992C /* AANetworkingUITests.xctest */,
			);
			name = Products;
			sourceTree = "<group>";
		};
		DEF4E5F61D6C29160022992C /* Root */ = {
			isa = PBXGroup;
			children = (
				DE5096D01D8F7FE80002196A /* AppDelegate.swift */,
				DE5096D11D8F7FE80002196A /* Info.plist */,
				DEF4E5FE1D6C29160022992C /* Assets.xcassets */,
				DEF4E6001D6C29160022992C /* LaunchScreen.storyboard */,
			);
			name = Root;
			path = AANetworking;
			sourceTree = "<group>";
		};
		DEF4E60B1D6C29160022992C /* AANetworkingTests */ = {
			isa = PBXGroup;
			children = (
				DEF4E60C1D6C29160022992C /* AANetworkingTests.swift */,
				DEF4E60E1D6C29160022992C /* Info.plist */,
			);
			path = AANetworkingTests;
			sourceTree = "<group>";
		};
		DEF4E6161D6C29160022992C /* AANetworkingUITests */ = {
			isa = PBXGroup;
			children = (
				DEF4E6171D6C29160022992C /* AANetworkingUITests.swift */,
				DEF4E6191D6C29160022992C /* Info.plist */,
			);
			path = AANetworkingUITests;
			sourceTree = "<group>";
		};
/* End PBXGroup section */

/* Begin PBXNativeTarget section */
		DEF4E5F31D6C29160022992C /* AANetworking */ = {
			isa = PBXNativeTarget;
			buildConfigurationList = DEF4E61C1D6C29170022992C /* Build configuration list for PBXNativeTarget "AANetworking" */;
			buildPhases = (
				DEF4E5F01D6C29160022992C /* Sources */,
				DEF4E5F11D6C29160022992C /* Frameworks */,
				DEF4E5F21D6C29160022992C /* Resources */,
				BCD4FD5F1E7A5AB500F593AC /* Embed Frameworks */,
			);
			buildRules = (
			);
			dependencies = (
			);
			name = AANetworking;
			productName = AANetworking;
			productReference = DEF4E5F41D6C29160022992C /* AANetworking.app */;
			productType = "com.apple.product-type.application";
		};
		DEF4E6071D6C29160022992C /* AANetworkingTests */ = {
			isa = PBXNativeTarget;
			buildConfigurationList = DEF4E61F1D6C29170022992C /* Build configuration list for PBXNativeTarget "AANetworkingTests" */;
			buildPhases = (
				DEF4E6041D6C29160022992C /* Sources */,
				DEF4E6051D6C29160022992C /* Frameworks */,
				DEF4E6061D6C29160022992C /* Resources */,
			);
			buildRules = (
			);
			dependencies = (
				DEF4E60A1D6C29160022992C /* PBXTargetDependency */,
			);
			name = AANetworkingTests;
			productName = AANetworkingTests;
			productReference = DEF4E6081D6C29160022992C /* AANetworkingTests.xctest */;
			productType = "com.apple.product-type.bundle.unit-test";
		};
		DEF4E6121D6C29160022992C /* AANetworkingUITests */ = {
			isa = PBXNativeTarget;
			buildConfigurationList = DEF4E6221D6C29170022992C /* Build configuration list for PBXNativeTarget "AANetworkingUITests" */;
			buildPhases = (
				DEF4E60F1D6C29160022992C /* Sources */,
				DEF4E6101D6C29160022992C /* Frameworks */,
				DEF4E6111D6C29160022992C /* Resources */,
			);
			buildRules = (
			);
			dependencies = (
				DEF4E6151D6C29160022992C /* PBXTargetDependency */,
			);
			name = AANetworkingUITests;
			productName = AANetworkingUITests;
			productReference = DEF4E6131D6C29160022992C /* AANetworkingUITests.xctest */;
			productType = "com.apple.product-type.bundle.ui-testing";
		};
/* End PBXNativeTarget section */

/* Begin PBXProject section */
		DEF4E5EC1D6C29160022992C /* Project object */ = {
			isa = PBXProject;
			attributes = {
				LastSwiftUpdateCheck = 0730;
				LastUpgradeCheck = 0730;
				ORGANIZATIONNAME = "Ankit Angra";
				TargetAttributes = {
					DEF4E5F31D6C29160022992C = {
						CreatedOnToolsVersion = 7.3.1;
						LastSwiftMigration = 0800;
					};
					DEF4E6071D6C29160022992C = {
						CreatedOnToolsVersion = 7.3.1;
						LastSwiftMigration = 0800;
						TestTargetID = DEF4E5F31D6C29160022992C;
					};
					DEF4E6121D6C29160022992C = {
						CreatedOnToolsVersion = 7.3.1;
						LastSwiftMigration = 0800;
						TestTargetID = DEF4E5F31D6C29160022992C;
					};
				};
			};
			buildConfigurationList = DEF4E5EF1D6C29160022992C /* Build configuration list for PBXProject "AANetworking" */;
			compatibilityVersion = "Xcode 3.2";
			developmentRegion = English;
			hasScannedForEncodings = 0;
			knownRegions = (
				en,
				Base,
			);
			mainGroup = DEF4E5EB1D6C29160022992C;
			productRefGroup = DEF4E5F51D6C29160022992C /* Products */;
			projectDirPath = "";
			projectReferences = (
				{
					ProductGroup = BCD4FD781E7A5E4B00F593AC /* Products */;
					ProjectRef = BCD4FD521E7A5A8300F593AC /* WebService.xcodeproj */;
				},
			);
			projectRoot = "";
			targets = (
				DEF4E5F31D6C29160022992C /* AANetworking */,
				DEF4E6071D6C29160022992C /* AANetworkingTests */,
				DEF4E6121D6C29160022992C /* AANetworkingUITests */,
			);
		};
/* End PBXProject section */

/* Begin PBXReferenceProxy section */
		BCD4FD7D1E7A5E4B00F593AC /* WebService.framework */ = {
			isa = PBXReferenceProxy;
			fileType = wrapper.framework;
			path = WebService.framework;
			remoteRef = BCD4FD7C1E7A5E4B00F593AC /* PBXContainerItemProxy */;
			sourceTree = BUILT_PRODUCTS_DIR;
		};
		BCD4FD7F1E7A5E4B00F593AC /* WebServiceTests.xctest */ = {
			isa = PBXReferenceProxy;
			fileType = wrapper.cfbundle;
			path = WebServiceTests.xctest;
			remoteRef = BCD4FD7E1E7A5E4B00F593AC /* PBXContainerItemProxy */;
			sourceTree = BUILT_PRODUCTS_DIR;
		};
/* End PBXReferenceProxy section */

/* Begin PBXResourcesBuildPhase section */
		DEF4E5F21D6C29160022992C /* Resources */ = {
			isa = PBXResourcesBuildPhase;
			buildActionMask = 2147483647;
			files = (
				DE5096D31D8F7FE80002196A /* Info.plist in Resources */,
				DEF4E6021D6C29160022992C /* LaunchScreen.storyboard in Resources */,
				DEF4E5FF1D6C29160022992C /* Assets.xcassets in Resources */,
				DEF4E5FD1D6C29160022992C /* Main.storyboard in Resources */,
			);
			runOnlyForDeploymentPostprocessing = 0;
		};
		DEF4E6061D6C29160022992C /* Resources */ = {
			isa = PBXResourcesBuildPhase;
			buildActionMask = 2147483647;
			files = (
			);
			runOnlyForDeploymentPostprocessing = 0;
		};
		DEF4E6111D6C29160022992C /* Resources */ = {
			isa = PBXResourcesBuildPhase;
			buildActionMask = 2147483647;
			files = (
			);
			runOnlyForDeploymentPostprocessing = 0;
		};
/* End PBXResourcesBuildPhase section */

/* Begin PBXSourcesBuildPhase section */
		DEF4E5F01D6C29160022992C /* Sources */ = {
			isa = PBXSourcesBuildPhase;
			buildActionMask = 2147483647;
			files = (
				BCD4FD821E7A5FA300F593AC /* NetworkHelper.swift in Sources */,
				DE5096D21D8F7FE80002196A /* AppDelegate.swift in Sources */,
				DE5096D51D8F80220002196A /* Episode.swift in Sources */,
				DE5096D71D8F802B0002196A /* ViewController.swift in Sources */,
			);
			runOnlyForDeploymentPostprocessing = 0;
		};
		DEF4E6041D6C29160022992C /* Sources */ = {
			isa = PBXSourcesBuildPhase;
			buildActionMask = 2147483647;
			files = (
				DEF4E60D1D6C29160022992C /* AANetworkingTests.swift in Sources */,
			);
			runOnlyForDeploymentPostprocessing = 0;
		};
		DEF4E60F1D6C29160022992C /* Sources */ = {
			isa = PBXSourcesBuildPhase;
			buildActionMask = 2147483647;
			files = (
				DEF4E6181D6C29160022992C /* AANetworkingUITests.swift in Sources */,
			);
			runOnlyForDeploymentPostprocessing = 0;
		};
/* End PBXSourcesBuildPhase section */

/* Begin PBXTargetDependency section */
		DEF4E60A1D6C29160022992C /* PBXTargetDependency */ = {
			isa = PBXTargetDependency;
			target = DEF4E5F31D6C29160022992C /* AANetworking */;
			targetProxy = DEF4E6091D6C29160022992C /* PBXContainerItemProxy */;
		};
		DEF4E6151D6C29160022992C /* PBXTargetDependency */ = {
			isa = PBXTargetDependency;
			target = DEF4E5F31D6C29160022992C /* AANetworking */;
			targetProxy = DEF4E6141D6C29160022992C /* PBXContainerItemProxy */;
		};
/* End PBXTargetDependency section */

/* Begin PBXVariantGroup section */
		DEF4E5FB1D6C29160022992C /* Main.storyboard */ = {
			isa = PBXVariantGroup;
			children = (
				DEF4E5FC1D6C29160022992C /* Base */,
			);
			name = Main.storyboard;
			path = AANetworking;
			sourceTree = "<group>";
		};
		DEF4E6001D6C29160022992C /* LaunchScreen.storyboard */ = {
			isa = PBXVariantGroup;
			children = (
				DEF4E6011D6C29160022992C /* Base */,
			);
			name = LaunchScreen.storyboard;
			sourceTree = "<group>";
		};
/* End PBXVariantGroup section */

/* Begin XCBuildConfiguration section */
		DEF4E61A1D6C29170022992C /* Debug */ = {
			isa = XCBuildConfiguration;
			buildSettings = {
				ALWAYS_SEARCH_USER_PATHS = NO;
				CLANG_ANALYZER_NONNULL = YES;
				CLANG_CXX_LANGUAGE_STANDARD = "gnu++0x";
				CLANG_CXX_LIBRARY = "libc++";
				CLANG_ENABLE_MODULES = YES;
				CLANG_ENABLE_OBJC_ARC = YES;
				CLANG_WARN_BOOL_CONVERSION = YES;
				CLANG_WARN_CONSTANT_CONVERSION = YES;
				CLANG_WARN_DIRECT_OBJC_ISA_USAGE = YES_ERROR;
				CLANG_WARN_EMPTY_BODY = YES;
				CLANG_WARN_ENUM_CONVERSION = YES;
				CLANG_WARN_INT_CONVERSION = YES;
				CLANG_WARN_OBJC_ROOT_CLASS = YES_ERROR;
				CLANG_WARN_UNREACHABLE_CODE = YES;
				CLANG_WARN__DUPLICATE_METHOD_MATCH = YES;
				"CODE_SIGN_IDENTITY[sdk=iphoneos*]" = "iPhone Developer";
				COPY_PHASE_STRIP = NO;
				DEBUG_INFORMATION_FORMAT = dwarf;
				ENABLE_STRICT_OBJC_MSGSEND = YES;
				ENABLE_TESTABILITY = YES;
				GCC_C_LANGUAGE_STANDARD = gnu99;
				GCC_DYNAMIC_NO_PIC = NO;
				GCC_NO_COMMON_BLOCKS = YES;
				GCC_OPTIMIZATION_LEVEL = 0;
				GCC_PREPROCESSOR_DEFINITIONS = (
					"DEBUG=1",
					"$(inherited)",
				);
				GCC_WARN_64_TO_32_BIT_CONVERSION = YES;
				GCC_WARN_ABOUT_RETURN_TYPE = YES_ERROR;
				GCC_WARN_UNDECLARED_SELECTOR = YES;
				GCC_WARN_UNINITIALIZED_AUTOS = YES_AGGRESSIVE;
				GCC_WARN_UNUSED_FUNCTION = YES;
				GCC_WARN_UNUSED_VARIABLE = YES;
				IPHONEOS_DEPLOYMENT_TARGET = 9.3;
				MTL_ENABLE_DEBUG_INFO = YES;
				ONLY_ACTIVE_ARCH = YES;
				SDKROOT = iphoneos;
				SWIFT_OPTIMIZATION_LEVEL = "-Onone";
				TARGETED_DEVICE_FAMILY = "1,2";
			};
			name = Debug;
		};
		DEF4E61B1D6C29170022992C /* Release */ = {
			isa = XCBuildConfiguration;
			buildSettings = {
				ALWAYS_SEARCH_USER_PATHS = NO;
				CLANG_ANALYZER_NONNULL = YES;
				CLANG_CXX_LANGUAGE_STANDARD = "gnu++0x";
				CLANG_CXX_LIBRARY = "libc++";
				CLANG_ENABLE_MODULES = YES;
				CLANG_ENABLE_OBJC_ARC = YES;
				CLANG_WARN_BOOL_CONVERSION = YES;
				CLANG_WARN_CONSTANT_CONVERSION = YES;
				CLANG_WARN_DIRECT_OBJC_ISA_USAGE = YES_ERROR;
				CLANG_WARN_EMPTY_BODY = YES;
				CLANG_WARN_ENUM_CONVERSION = YES;
				CLANG_WARN_INT_CONVERSION = YES;
				CLANG_WARN_OBJC_ROOT_CLASS = YES_ERROR;
				CLANG_WARN_UNREACHABLE_CODE = YES;
				CLANG_WARN__DUPLICATE_METHOD_MATCH = YES;
				"CODE_SIGN_IDENTITY[sdk=iphoneos*]" = "iPhone Developer";
				COPY_PHASE_STRIP = NO;
				DEBUG_INFORMATION_FORMAT = "dwarf-with-dsym";
				ENABLE_NS_ASSERTIONS = NO;
				ENABLE_STRICT_OBJC_MSGSEND = YES;
				GCC_C_LANGUAGE_STANDARD = gnu99;
				GCC_NO_COMMON_BLOCKS = YES;
				GCC_WARN_64_TO_32_BIT_CONVERSION = YES;
				GCC_WARN_ABOUT_RETURN_TYPE = YES_ERROR;
				GCC_WARN_UNDECLARED_SELECTOR = YES;
				GCC_WARN_UNINITIALIZED_AUTOS = YES_AGGRESSIVE;
				GCC_WARN_UNUSED_FUNCTION = YES;
				GCC_WARN_UNUSED_VARIABLE = YES;
				IPHONEOS_DEPLOYMENT_TARGET = 9.3;
				MTL_ENABLE_DEBUG_INFO = NO;
				SDKROOT = iphoneos;
				TARGETED_DEVICE_FAMILY = "1,2";
				VALIDATE_PRODUCT = YES;
			};
			name = Release;
		};
		DEF4E61D1D6C29170022992C /* Debug */ = {
			isa = XCBuildConfiguration;
			buildSettings = {
				ASSETCATALOG_COMPILER_APPICON_NAME = AppIcon;
				CLANG_ENABLE_MODULES = YES;
				INFOPLIST_FILE = "$(SRCROOT)/AANetworking/Root/Info.plist";
				IPHONEOS_DEPLOYMENT_TARGET = 10.2;
				LD_RUNPATH_SEARCH_PATHS = "$(inherited) @executable_path/Frameworks";
				PRODUCT_BUNDLE_IDENTIFIER = MyObjcApp.AANetworking;
				PRODUCT_NAME = "$(TARGET_NAME)";
				SWIFT_OPTIMIZATION_LEVEL = "-Onone";
				SWIFT_VERSION = 3.0;
			};
			name = Debug;
		};
		DEF4E61E1D6C29170022992C /* Release */ = {
			isa = XCBuildConfiguration;
			buildSettings = {
				ASSETCATALOG_COMPILER_APPICON_NAME = AppIcon;
				CLANG_ENABLE_MODULES = YES;
				INFOPLIST_FILE = "$(SRCROOT)/AANetworking/Root/Info.plist";
				IPHONEOS_DEPLOYMENT_TARGET = 10.2;
				LD_RUNPATH_SEARCH_PATHS = "$(inherited) @executable_path/Frameworks";
				PRODUCT_BUNDLE_IDENTIFIER = MyObjcApp.AANetworking;
				PRODUCT_NAME = "$(TARGET_NAME)";
				SWIFT_VERSION = 3.0;
			};
			name = Release;
		};
		DEF4E6201D6C29170022992C /* Debug */ = {
			isa = XCBuildConfiguration;
			buildSettings = {
				BUNDLE_LOADER = "$(TEST_HOST)";
				INFOPLIST_FILE = AANetworkingTests/Info.plist;
				LD_RUNPATH_SEARCH_PATHS = "$(inherited) @executable_path/Frameworks @loader_path/Frameworks";
				PRODUCT_BUNDLE_IDENTIFIER = MyObjcApp.AANetworkingTests;
				PRODUCT_NAME = "$(TARGET_NAME)";
				SWIFT_VERSION = 3.0;
				TEST_HOST = "$(BUILT_PRODUCTS_DIR)/AANetworking.app/AANetworking";
			};
			name = Debug;
		};
		DEF4E6211D6C29170022992C /* Release */ = {
			isa = XCBuildConfiguration;
			buildSettings = {
				BUNDLE_LOADER = "$(TEST_HOST)";
				INFOPLIST_FILE = AANetworkingTests/Info.plist;
				LD_RUNPATH_SEARCH_PATHS = "$(inherited) @executable_path/Frameworks @loader_path/Frameworks";
				PRODUCT_BUNDLE_IDENTIFIER = MyObjcApp.AANetworkingTests;
				PRODUCT_NAME = "$(TARGET_NAME)";
				SWIFT_VERSION = 3.0;
				TEST_HOST = "$(BUILT_PRODUCTS_DIR)/AANetworking.app/AANetworking";
			};
			name = Release;
		};
		DEF4E6231D6C29170022992C /* Debug */ = {
			isa = XCBuildConfiguration;
			buildSettings = {
				INFOPLIST_FILE = AANetworkingUITests/Info.plist;
				LD_RUNPATH_SEARCH_PATHS = "$(inherited) @executable_path/Frameworks @loader_path/Frameworks";
				PRODUCT_BUNDLE_IDENTIFIER = MyObjcApp.AANetworkingUITests;
				PRODUCT_NAME = "$(TARGET_NAME)";
				SWIFT_VERSION = 3.0;
				TEST_TARGET_NAME = AANetworking;
			};
			name = Debug;
		};
		DEF4E6241D6C29170022992C /* Release */ = {
			isa = XCBuildConfiguration;
			buildSettings = {
				INFOPLIST_FILE = AANetworkingUITests/Info.plist;
				LD_RUNPATH_SEARCH_PATHS = "$(inherited) @executable_path/Frameworks @loader_path/Frameworks";
				PRODUCT_BUNDLE_IDENTIFIER = MyObjcApp.AANetworkingUITests;
				PRODUCT_NAME = "$(TARGET_NAME)";
				SWIFT_VERSION = 3.0;
				TEST_TARGET_NAME = AANetworking;
			};
			name = Release;
		};
/* End XCBuildConfiguration section */

/* Begin XCConfigurationList section */
		DEF4E5EF1D6C29160022992C /* Build configuration list for PBXProject "AANetworking" */ = {
			isa = XCConfigurationList;
			buildConfigurations = (
				DEF4E61A1D6C29170022992C /* Debug */,
				DEF4E61B1D6C29170022992C /* Release */,
			);
			defaultConfigurationIsVisible = 0;
			defaultConfigurationName = Release;
		};
		DEF4E61C1D6C29170022992C /* Build configuration list for PBXNativeTarget "AANetworking" */ = {
			isa = XCConfigurationList;
			buildConfigurations = (
				DEF4E61D1D6C29170022992C /* Debug */,
				DEF4E61E1D6C29170022992C /* Release */,
			);
			defaultConfigurationIsVisible = 0;
			defaultConfigurationName = Release;
		};
		DEF4E61F1D6C29170022992C /* Build configuration list for PBXNativeTarget "AANetworkingTests" */ = {
			isa = XCConfigurationList;
			buildConfigurations = (
				DEF4E6201D6C29170022992C /* Debug */,
				DEF4E6211D6C29170022992C /* Release */,
			);
			defaultConfigurationIsVisible = 0;
			defaultConfigurationName = Release;
		};
		DEF4E6221D6C29170022992C /* Build configuration list for PBXNativeTarget "AANetworkingUITests" */ = {
			isa = XCConfigurationList;
			buildConfigurations = (
				DEF4E6231D6C29170022992C /* Debug */,
				DEF4E6241D6C29170022992C /* Release */,
			);
			defaultConfigurationIsVisible = 0;
			defaultConfigurationName = Release;
		};
/* End XCConfigurationList section */
	};
	rootObject = DEF4E5EC1D6C29160022992C /* Project object */;
}
